
Microsoft Visual Studio Solution File, Format Version 12.00
# Visual Studio Version 17
VisualStudioVersion = 17.0.31912.275
MinimumVisualStudioVersion = 10.0.40219.1
Project("{9A19103F-16F7-4668-BE54-9A1E7A4F7556}") = "WarehousesAPI", "WarehousesAPI\WarehousesAPI.csproj", "{596801AC-1D11-4034-93C2-2FC32CB73915}"
EndProject
Project("{54A90642-561A-4BB1-A94E-469ADEE60C69}") = "WarehousesFrontend", "WarehousesFrontend\WarehousesFrontend.esproj", "{7C159FED-9DF1-4BEB-92BA-0561B7EBA375}"
EndProject
Project("{FAE04EC0-301F-11D3-BF4B-00C04F79EFBC}") = "WarehousesAPITests", "WarehousesAPITests\WarehousesAPITests.csproj", "{DABA2C49-8D2D-414E-B922-548292041B51}"
EndProject
Global
	GlobalSection(SolutionConfigurationPlatforms) = preSolution
		Debug|Any CPU = Debug|Any CPU
		Release|Any CPU = Release|Any CPU
	EndGlobalSection
	GlobalSection(ProjectConfigurationPlatforms) = postSolution
		{596801AC-1D11-4034-93C2-2FC32CB73915}.Debug|Any CPU.ActiveCfg = Debug|Any CPU
		{596801AC-1D11-4034-93C2-2FC32CB73915}.Debug|Any CPU.Build.0 = Debug|Any CPU
		{596801AC-1D11-4034-93C2-2FC32CB73915}.Release|Any CPU.ActiveCfg = Release|Any CPU
		{596801AC-1D11-4034-93C2-2FC32CB73915}.Release|Any CPU.Build.0 = Release|Any CPU
		{7C159FED-9DF1-4BEB-92BA-0561B7EBA375}.Debug|Any CPU.ActiveCfg = Debug|Any CPU
		{7C159FED-9DF1-4BEB-92BA-0561B7EBA375}.Debug|Any CPU.Build.0 = Debug|Any CPU
		{7C159FED-9DF1-4BEB-92BA-0561B7EBA375}.Debug|Any CPU.Deploy.0 = Debug|Any CPU
		{7C159FED-9DF1-4BEB-92BA-0561B7EBA375}.Release|Any CPU.ActiveCfg = Release|Any CPU
		{7C159FED-9DF1-4BEB-92BA-0561B7EBA375}.Release|Any CPU.Build.0 = Release|Any CPU
		{7C159FED-9DF1-4BEB-92BA-0561B7EBA375}.Release|Any CPU.Deploy.0 = Release|Any CPU
		{DABA2C49-8D2D-414E-B922-548292041B51}.Debug|Any CPU.ActiveCfg = Debug|Any CPU
		{DABA2C49-8D2D-414E-B922-548292041B51}.Debug|Any CPU.Build.0 = Debug|Any CPU
		{DABA2C49-8D2D-414E-B922-548292041B51}.Release|Any CPU.ActiveCfg = Release|Any CPU
		{DABA2C49-8D2D-414E-B922-548292041B51}.Release|Any CPU.Build.0 = Release|Any CPU
	EndGlobalSection
	GlobalSection(SolutionProperties) = preSolution
		HideSolutionNode = FALSE
	EndGlobalSection
	GlobalSection(ExtensibilityGlobals) = postSolution
		SolutionGuid = {B11D131A-7CDD-4880-8090-E70FA8BE86F6}
	EndGlobalSection
EndGlobal
